
Microsoft Visual Studio Solution File, Format Version 12.00
# Visual Studio Version 17
VisualStudioVersion = 17.4.33122.133
MinimumVisualStudioVersion = 10.0.40219.1
Project("{9A19103F-16F7-4668-BE54-9A1E7A4F7556}") = "Workflow", "Workflow\Workflow.csproj", "{354DEA64-8B87-446E-9885-55C4BD0315F9}"
EndProject
Project("{9A19103F-16F7-4668-BE54-9A1E7A4F7556}") = "WebApi", "WebApi\WebApi.csproj", "{3FA399F0-0B8A-4561-815D-0B85D31F3761}"
EndProject
Project("{FAE04EC0-301F-11D3-BF4B-00C04F79EFBC}") = "Common", "Common\Common.csproj", "{26F45FEC-2707-42B8-97DB-14AA4FF0CF3A}"
EndProject
Global
	GlobalSection(SolutionConfigurationPlatforms) = preSolution
		Debug|Any CPU = Debug|Any CPU
		Release|Any CPU = Release|Any CPU
	EndGlobalSection
	GlobalSection(ProjectConfigurationPlatforms) = postSolution
		{354DEA64-8B87-446E-9885-55C4BD0315F9}.Debug|Any CPU.ActiveCfg = Debug|Any CPU
		{354DEA64-8B87-446E-9885-55C4BD0315F9}.Debug|Any CPU.Build.0 = Debug|Any CPU
		{354DEA64-8B87-446E-9885-55C4BD0315F9}.Release|Any CPU.ActiveCfg = Release|Any CPU
		{354DEA64-8B87-446E-9885-55C4BD0315F9}.Release|Any CPU.Build.0 = Release|Any CPU
		{3FA399F0-0B8A-4561-815D-0B85D31F3761}.Debug|Any CPU.ActiveCfg = Debug|Any CPU
		{3FA399F0-0B8A-4561-815D-0B85D31F3761}.Debug|Any CPU.Build.0 = Debug|Any CPU
		{3FA399F0-0B8A-4561-815D-0B85D31F3761}.Release|Any CPU.ActiveCfg = Release|Any CPU
		{3FA399F0-0B8A-4561-815D-0B85D31F3761}.Release|Any CPU.Build.0 = Release|Any CPU
		{26F45FEC-2707-42B8-97DB-14AA4FF0CF3A}.Debug|Any CPU.ActiveCfg = Debug|Any CPU
		{26F45FEC-2707-42B8-97DB-14AA4FF0CF3A}.Debug|Any CPU.Build.0 = Debug|Any CPU
		{26F45FEC-2707-42B8-97DB-14AA4FF0CF3A}.Release|Any CPU.ActiveCfg = Release|Any CPU
		{26F45FEC-2707-42B8-97DB-14AA4FF0CF3A}.Release|Any CPU.Build.0 = Release|Any CPU
	EndGlobalSection
	GlobalSection(SolutionProperties) = preSolution
		HideSolutionNode = FALSE
	EndGlobalSection
	GlobalSection(ExtensibilityGlobals) = postSolution
		SolutionGuid = {0F2F4302-FDAA-4ACA-86F4-AB23FC70C675}
	EndGlobalSection
EndGlobal
